
Microsoft Visual Studio Solution File, Format Version 12.00
# Visual Studio Version 16
VisualStudioVersion = 16.0.30621.155
MinimumVisualStudioVersion = 10.0.40219.1
Project("{FAE04EC0-301F-11D3-BF4B-00C04F79EFBC}") = "StationMeteo", "StationMeteo.csproj", "{11E7669E-7ADD-4F6F-BEC9-91096903EAD1}"
EndProject
Global
	GlobalSection(SolutionConfigurationPlatforms) = preSolution
		Debug|Any CPU = Debug|Any CPU
		Release|Any CPU = Release|Any CPU
	EndGlobalSection
	GlobalSection(ProjectConfigurationPlatforms) = postSolution
		{11E7669E-7ADD-4F6F-BEC9-91096903EAD1}.Debug|Any CPU.ActiveCfg = Debug|Any CPU
		{11E7669E-7ADD-4F6F-BEC9-91096903EAD1}.Debug|Any CPU.Build.0 = Debug|Any CPU
		{11E7669E-7ADD-4F6F-BEC9-91096903EAD1}.Release|Any CPU.ActiveCfg = Release|Any CPU
		{11E7669E-7ADD-4F6F-BEC9-91096903EAD1}.Release|Any CPU.Build.0 = Release|Any CPU
	EndGlobalSection
	GlobalSection(SolutionProperties) = preSolution
		HideSolutionNode = FALSE
	EndGlobalSection
	GlobalSection(ExtensibilityGlobals) = postSolution
		SolutionGuid = {04C3D959-FEDB-47D9-9E2B-93885E769E84}
	EndGlobalSection
EndGlobal
